
Microsoft Visual Studio Solution File, Format Version 12.00
# Visual Studio Version 17
VisualStudioVersion = 17.5.002.0
MinimumVisualStudioVersion = 10.0.40219.1
Project("{9A19103F-16F7-4668-BE54-9A1E7A4F7556}") = "MatrixAddition", "MatrixAddition.csproj", "{3BC9D0F8-59D5-4FB5-A5A7-E26AD77D7721}"
EndProject
Global
	GlobalSection(SolutionConfigurationPlatforms) = preSolution
		Debug|Any CPU = Debug|Any CPU
		Release|Any CPU = Release|Any CPU
	EndGlobalSection
	GlobalSection(ProjectConfigurationPlatforms) = postSolution
		{3BC9D0F8-59D5-4FB5-A5A7-E26AD77D7721}.Debug|Any CPU.ActiveCfg = Debug|Any CPU
		{3BC9D0F8-59D5-4FB5-A5A7-E26AD77D7721}.Debug|Any CPU.Build.0 = Debug|Any CPU
		{3BC9D0F8-59D5-4FB5-A5A7-E26AD77D7721}.Release|Any CPU.ActiveCfg = Release|Any CPU
		{3BC9D0F8-59D5-4FB5-A5A7-E26AD77D7721}.Release|Any CPU.Build.0 = Release|Any CPU
	EndGlobalSection
	GlobalSection(SolutionProperties) = preSolution
		HideSolutionNode = FALSE
	EndGlobalSection
	GlobalSection(ExtensibilityGlobals) = postSolution
		SolutionGuid = {6982F483-3386-4DC9-8227-F49834A56A1F}
	EndGlobalSection
EndGlobal
